
Microsoft Visual Studio Solution File, Format Version 12.00
# Visual Studio Version 16
VisualStudioVersion = 16.0.29503.13
MinimumVisualStudioVersion = 10.0.40219.1
Project("{FAE04EC0-301F-11D3-BF4B-00C04F79EFBC}") = "SmartMirror.Android", "SmartMirror\SmartMirror.Android\SmartMirror.Android.csproj", "{7822D4DF-FF10-4D63-8402-CFD8099FB77B}"
EndProject
Project("{FAE04EC0-301F-11D3-BF4B-00C04F79EFBC}") = "SmartMirror.iOS", "SmartMirror\SmartMirror.iOS\SmartMirror.iOS.csproj", "{3AEAAC4C-20EA-475F-AA82-042FB280FE25}"
EndProject
Project("{FAE04EC0-301F-11D3-BF4B-00C04F79EFBC}") = "SmartMirror", "SmartMirror\SmartMirror\SmartMirror.csproj", "{76EB3F90-B2CE-474E-BE6D-534F7D4F2F39}"
EndProject
Global
	GlobalSection(SolutionConfigurationPlatforms) = preSolution
		Debug|Any CPU = Debug|Any CPU
		Debug|iPhone = Debug|iPhone
		Debug|iPhoneSimulator = Debug|iPhoneSimulator
		Release|Any CPU = Release|Any CPU
		Release|iPhone = Release|iPhone
		Release|iPhoneSimulator = Release|iPhoneSimulator
	EndGlobalSection
	GlobalSection(ProjectConfigurationPlatforms) = postSolution
		{7822D4DF-FF10-4D63-8402-CFD8099FB77B}.Debug|Any CPU.ActiveCfg = Debug|Any CPU
		{7822D4DF-FF10-4D63-8402-CFD8099FB77B}.Debug|Any CPU.Build.0 = Debug|Any CPU
		{7822D4DF-FF10-4D63-8402-CFD8099FB77B}.Debug|Any CPU.Deploy.0 = Debug|Any CPU
		{7822D4DF-FF10-4D63-8402-CFD8099FB77B}.Debug|iPhone.ActiveCfg = Debug|Any CPU
		{7822D4DF-FF10-4D63-8402-CFD8099FB77B}.Debug|iPhone.Build.0 = Debug|Any CPU
		{7822D4DF-FF10-4D63-8402-CFD8099FB77B}.Debug|iPhone.Deploy.0 = Debug|Any CPU
		{7822D4DF-FF10-4D63-8402-CFD8099FB77B}.Debug|iPhoneSimulator.ActiveCfg = Debug|Any CPU
		{7822D4DF-FF10-4D63-8402-CFD8099FB77B}.Debug|iPhoneSimulator.Build.0 = Debug|Any CPU
		{7822D4DF-FF10-4D63-8402-CFD8099FB77B}.Debug|iPhoneSimulator.Deploy.0 = Debug|Any CPU
		{7822D4DF-FF10-4D63-8402-CFD8099FB77B}.Release|Any CPU.ActiveCfg = Release|Any CPU
		{7822D4DF-FF10-4D63-8402-CFD8099FB77B}.Release|Any CPU.Build.0 = Release|Any CPU
		{7822D4DF-FF10-4D63-8402-CFD8099FB77B}.Release|Any CPU.Deploy.0 = Release|Any CPU
		{7822D4DF-FF10-4D63-8402-CFD8099FB77B}.Release|iPhone.ActiveCfg = Release|Any CPU
		{7822D4DF-FF10-4D63-8402-CFD8099FB77B}.Release|iPhone.Build.0 = Release|Any CPU
		{7822D4DF-FF10-4D63-8402-CFD8099FB77B}.Release|iPhone.Deploy.0 = Release|Any CPU
		{7822D4DF-FF10-4D63-8402-CFD8099FB77B}.Release|iPhoneSimulator.ActiveCfg = Release|Any CPU
		{7822D4DF-FF10-4D63-8402-CFD8099FB77B}.Release|iPhoneSimulator.Build.0 = Release|Any CPU
		{7822D4DF-FF10-4D63-8402-CFD8099FB77B}.Release|iPhoneSimulator.Deploy.0 = Release|Any CPU
		{3AEAAC4C-20EA-475F-AA82-042FB280FE25}.Debug|Any CPU.ActiveCfg = Debug|iPhoneSimulator
		{3AEAAC4C-20EA-475F-AA82-042FB280FE25}.Debug|Any CPU.Build.0 = Debug|iPhoneSimulator
		{3AEAAC4C-20EA-475F-AA82-042FB280FE25}.Debug|Any CPU.Deploy.0 = Debug|iPhoneSimulator
		{3AEAAC4C-20EA-475F-AA82-042FB280FE25}.Debug|iPhone.ActiveCfg = Debug|iPhone
		{3AEAAC4C-20EA-475F-AA82-042FB280FE25}.Debug|iPhone.Build.0 = Debug|iPhone
		{3AEAAC4C-20EA-475F-AA82-042FB280FE25}.Debug|iPhone.Deploy.0 = Debug|iPhone
		{3AEAAC4C-20EA-475F-AA82-042FB280FE25}.Debug|iPhoneSimulator.ActiveCfg = Debug|iPhoneSimulator
		{3AEAAC4C-20EA-475F-AA82-042FB280FE25}.Debug|iPhoneSimulator.Build.0 = Debug|iPhoneSimulator
		{3AEAAC4C-20EA-475F-AA82-042FB280FE25}.Debug|iPhoneSimulator.Deploy.0 = Debug|iPhoneSimulator
		{3AEAAC4C-20EA-475F-AA82-042FB280FE25}.Release|Any CPU.ActiveCfg = Release|iPhone
		{3AEAAC4C-20EA-475F-AA82-042FB280FE25}.Release|Any CPU.Build.0 = Release|iPhone
		{3AEAAC4C-20EA-475F-AA82-042FB280FE25}.Release|Any CPU.Deploy.0 = Release|iPhone
		{3AEAAC4C-20EA-475F-AA82-042FB280FE25}.Release|iPhone.ActiveCfg = Release|iPhone
		{3AEAAC4C-20EA-475F-AA82-042FB280FE25}.Release|iPhone.Build.0 = Release|iPhone
		{3AEAAC4C-20EA-475F-AA82-042FB280FE25}.Release|iPhone.Deploy.0 = Release|iPhone
		{3AEAAC4C-20EA-475F-AA82-042FB280FE25}.Release|iPhoneSimulator.ActiveCfg = Release|iPhoneSimulator
		{3AEAAC4C-20EA-475F-AA82-042FB280FE25}.Release|iPhoneSimulator.Build.0 = Release|iPhoneSimulator
		{3AEAAC4C-20EA-475F-AA82-042FB280FE25}.Release|iPhoneSimulator.Deploy.0 = Release|iPhoneSimulator
		{76EB3F90-B2CE-474E-BE6D-534F7D4F2F39}.Debug|Any CPU.ActiveCfg = Debug|Any CPU
		{76EB3F90-B2CE-474E-BE6D-534F7D4F2F39}.Debug|Any CPU.Build.0 = Debug|Any CPU
		{76EB3F90-B2CE-474E-BE6D-534F7D4F2F39}.Debug|Any CPU.Deploy.0 = Debug|Any CPU
		{76EB3F90-B2CE-474E-BE6D-534F7D4F2F39}.Debug|iPhone.ActiveCfg = Debug|Any CPU
		{76EB3F90-B2CE-474E-BE6D-534F7D4F2F39}.Debug|iPhone.Build.0 = Debug|Any CPU
		{76EB3F90-B2CE-474E-BE6D-534F7D4F2F39}.Debug|iPhone.Deploy.0 = Debug|Any CPU
		{76EB3F90-B2CE-474E-BE6D-534F7D4F2F39}.Debug|iPhoneSimulator.ActiveCfg = Debug|Any CPU
		{76EB3F90-B2CE-474E-BE6D-534F7D4F2F39}.Debug|iPhoneSimulator.Build.0 = Debug|Any CPU
		{76EB3F90-B2CE-474E-BE6D-534F7D4F2F39}.Debug|iPhoneSimulator.Deploy.0 = Debug|Any CPU
		{76EB3F90-B2CE-474E-BE6D-534F7D4F2F39}.Release|Any CPU.ActiveCfg = Release|Any CPU
		{76EB3F90-B2CE-474E-BE6D-534F7D4F2F39}.Release|Any CPU.Build.0 = Release|Any CPU
		{76EB3F90-B2CE-474E-BE6D-534F7D4F2F39}.Release|Any CPU.Deploy.0 = Release|Any CPU
		{76EB3F90-B2CE-474E-BE6D-534F7D4F2F39}.Release|iPhone.ActiveCfg = Release|Any CPU
		{76EB3F90-B2CE-474E-BE6D-534F7D4F2F39}.Release|iPhone.Build.0 = Release|Any CPU
		{76EB3F90-B2CE-474E-BE6D-534F7D4F2F39}.Release|iPhone.Deploy.0 = Release|Any CPU
		{76EB3F90-B2CE-474E-BE6D-534F7D4F2F39}.Release|iPhoneSimulator.ActiveCfg = Release|Any CPU
		{76EB3F90-B2CE-474E-BE6D-534F7D4F2F39}.Release|iPhoneSimulator.Build.0 = Release|Any CPU
		{76EB3F90-B2CE-474E-BE6D-534F7D4F2F39}.Release|iPhoneSimulator.Deploy.0 = Release|Any CPU
	EndGlobalSection
	GlobalSection(SolutionProperties) = preSolution
		HideSolutionNode = FALSE
	EndGlobalSection
	GlobalSection(ExtensibilityGlobals) = postSolution
		SolutionGuid = {F730553D-76F6-4EEC-9E63-7B0D79C04254}
	EndGlobalSection
EndGlobal
